// !$*UTF8*$!
{
	archiveVersion = 1;
	classes = {
	};
	objectVersion = 51;
	objects = {

/* Begin PBXBuildFile section */
		2664F385AE3A81A154054B10 /* Pods_store.framework in Frameworks */ = {isa = PBXBuildFile; fileRef = E271C412043B71E926D11C8C /* Pods_store.framework */; };
		A36D862B2698B1F300CA1478 /* AppsHeaderCell.swift in Sources */ = {isa = PBXBuildFile; fileRef = A36D862A2698B1F300CA1478 /* AppsHeaderCell.swift */; };
		A36D862D2698B71B00CA1478 /* AppService.swift in Sources */ = {isa = PBXBuildFile; fileRef = A36D862C2698B71B00CA1478 /* AppService.swift */; };
		A36D862F2698C51800CA1478 /* SnappingLayout.swift in Sources */ = {isa = PBXBuildFile; fileRef = A36D862E2698C51800CA1478 /* SnappingLayout.swift */; };
		A36D86312698C73500CA1478 /* AppsGrupoCell.swift in Sources */ = {isa = PBXBuildFile; fileRef = A36D86302698C73500CA1478 /* AppsGrupoCell.swift */; };
		A36D86332698CA8100CA1478 /* AppsGrupoHorizontalVC.swift in Sources */ = {isa = PBXBuildFile; fileRef = A36D86322698CA8100CA1478 /* AppsGrupoHorizontalVC.swift */; };
		A36D86352698E4AA00CA1478 /* AppsGrupoHorizontalCell.swift in Sources */ = {isa = PBXBuildFile; fileRef = A36D86342698E4AA00CA1478 /* AppsGrupoHorizontalCell.swift */; };
		A39D7D0E269CD58E0054E1EE /* AppDetalheVC.swift in Sources */ = {isa = PBXBuildFile; fileRef = A39D7D0D269CD58E0054E1EE /* AppDetalheVC.swift */; };
		A39D7D11269DC6BC0054E1EE /* AppDetalheHeaderCell.swift in Sources */ = {isa = PBXBuildFile; fileRef = A39D7D10269DC6BC0054E1EE /* AppDetalheHeaderCell.swift */; };
		A39D7D13269DD2B70054E1EE /* AppDetalheDescricaoCell.swift in Sources */ = {isa = PBXBuildFile; fileRef = A39D7D12269DD2B70054E1EE /* AppDetalheDescricaoCell.swift */; };
		A39D7D15269DFBE00054E1EE /* AppDetalheScreenshotCell.swift in Sources */ = {isa = PBXBuildFile; fileRef = A39D7D14269DFBE00054E1EE /* AppDetalheScreenshotCell.swift */; };
		A39EC13126963BFC00029D52 /* AppDelegate.swift in Sources */ = {isa = PBXBuildFile; fileRef = A39EC13026963BFC00029D52 /* AppDelegate.swift */; };
		A39EC13326963BFC00029D52 /* SceneDelegate.swift in Sources */ = {isa = PBXBuildFile; fileRef = A39EC13226963BFC00029D52 /* SceneDelegate.swift */; };
		A39EC13526963BFC00029D52 /* ViewController.swift in Sources */ = {isa = PBXBuildFile; fileRef = A39EC13426963BFC00029D52 /* ViewController.swift */; };
		A39EC13826963BFC00029D52 /* Main.storyboard in Resources */ = {isa = PBXBuildFile; fileRef = A39EC13626963BFC00029D52 /* Main.storyboard */; };
		A39EC13A26963C0000029D52 /* Assets.xcassets in Resources */ = {isa = PBXBuildFile; fileRef = A39EC13926963C0000029D52 /* Assets.xcassets */; };
		A39EC13D26963C0000029D52 /* LaunchScreen.storyboard in Resources */ = {isa = PBXBuildFile; fileRef = A39EC13B26963C0000029D52 /* LaunchScreen.storyboard */; };
		A39EC1462696433C00029D52 /* BaseTabBarVC.swift in Sources */ = {isa = PBXBuildFile; fileRef = A39EC1452696433C00029D52 /* BaseTabBarVC.swift */; };
		A39EC1492696543700029D52 /* BuscaVc.swift in Sources */ = {isa = PBXBuildFile; fileRef = A39EC1482696543700029D52 /* BuscaVc.swift */; };
		A39EC14D2696598400029D52 /* BuscaCell.swift in Sources */ = {isa = PBXBuildFile; fileRef = A39EC14C2696598400029D52 /* BuscaCell.swift */; };
		A39EC15026965AB000029D52 /* UIView.swift in Sources */ = {isa = PBXBuildFile; fileRef = A39EC14F26965AB000029D52 /* UIView.swift */; };
		A39EC15226965BAF00029D52 /* UimageView.swift in Sources */ = {isa = PBXBuildFile; fileRef = A39EC15126965BAF00029D52 /* UimageView.swift */; };
		A39EC15426965EB000029D52 /* UILabel.swift in Sources */ = {isa = PBXBuildFile; fileRef = A39EC15326965EB000029D52 /* UILabel.swift */; };
		A39EC1562696636700029D52 /* UIButton.swift in Sources */ = {isa = PBXBuildFile; fileRef = A39EC1552696636700029D52 /* UIButton.swift */; };
		A39EC1582696645400029D52 /* UIColor.swift in Sources */ = {isa = PBXBuildFile; fileRef = A39EC1572696645400029D52 /* UIColor.swift */; };
		A39EC15B269679D000029D52 /* BuscaService.swift in Sources */ = {isa = PBXBuildFile; fileRef = A39EC15A269679D000029D52 /* BuscaService.swift */; };
		A39EC15E2696821D00029D52 /* App.swift in Sources */ = {isa = PBXBuildFile; fileRef = A39EC15D2696821D00029D52 /* App.swift */; };
		A39EC1612697984E00029D52 /* AppsVC.swift in Sources */ = {isa = PBXBuildFile; fileRef = A39EC1602697984E00029D52 /* AppsVC.swift */; };
		A39EC1632697A23400029D52 /* AppsHeader.swift in Sources */ = {isa = PBXBuildFile; fileRef = A39EC1622697A23400029D52 /* AppsHeader.swift */; };
/* End PBXBuildFile section */

/* Begin PBXFileReference section */
		3413D72C602D427A6E85975C /* Pods-store.release.xcconfig */ = {isa = PBXFileReference; includeInIndex = 1; lastKnownFileType = text.xcconfig; name = "Pods-store.release.xcconfig"; path = "Target Support Files/Pods-store/Pods-store.release.xcconfig"; sourceTree = "<group>"; };
		710E0FB94B544989CE152FCC /* Pods-store.debug.xcconfig */ = {isa = PBXFileReference; includeInIndex = 1; lastKnownFileType = text.xcconfig; name = "Pods-store.debug.xcconfig"; path = "Target Support Files/Pods-store/Pods-store.debug.xcconfig"; sourceTree = "<group>"; };
		A36D862A2698B1F300CA1478 /* AppsHeaderCell.swift */ = {isa = PBXFileReference; lastKnownFileType = sourcecode.swift; path = AppsHeaderCell.swift; sourceTree = "<group>"; };
		A36D862C2698B71B00CA1478 /* AppService.swift */ = {isa = PBXFileReference; lastKnownFileType = sourcecode.swift; path = AppService.swift; sourceTree = "<group>"; };
		A36D862E2698C51800CA1478 /* SnappingLayout.swift */ = {isa = PBXFileReference; fileEncoding = 4; lastKnownFileType = sourcecode.swift; name = SnappingLayout.swift; path = ../../../../Downloads/SnappingLayout.swift; sourceTree = "<group>"; };
		A36D86302698C73500CA1478 /* AppsGrupoCell.swift */ = {isa = PBXFileReference; lastKnownFileType = sourcecode.swift; path = AppsGrupoCell.swift; sourceTree = "<group>"; };
		A36D86322698CA8100CA1478 /* AppsGrupoHorizontalVC.swift */ = {isa = PBXFileReference; lastKnownFileType = sourcecode.swift; path = AppsGrupoHorizontalVC.swift; sourceTree = "<group>"; };
		A36D86342698E4AA00CA1478 /* AppsGrupoHorizontalCell.swift */ = {isa = PBXFileReference; lastKnownFileType = sourcecode.swift; path = AppsGrupoHorizontalCell.swift; sourceTree = "<group>"; };
		A39D7D0D269CD58E0054E1EE /* AppDetalheVC.swift */ = {isa = PBXFileReference; lastKnownFileType = sourcecode.swift; path = AppDetalheVC.swift; sourceTree = "<group>"; };
		A39D7D10269DC6BC0054E1EE /* AppDetalheHeaderCell.swift */ = {isa = PBXFileReference; lastKnownFileType = sourcecode.swift; path = AppDetalheHeaderCell.swift; sourceTree = "<group>"; };
		A39D7D12269DD2B70054E1EE /* AppDetalheDescricaoCell.swift */ = {isa = PBXFileReference; lastKnownFileType = sourcecode.swift; path = AppDetalheDescricaoCell.swift; sourceTree = "<group>"; };
		A39D7D14269DFBE00054E1EE /* AppDetalheScreenshotCell.swift */ = {isa = PBXFileReference; lastKnownFileType = sourcecode.swift; path = AppDetalheScreenshotCell.swift; sourceTree = "<group>"; };
		A39EC12D26963BFC00029D52 /* store.app */ = {isa = PBXFileReference; explicitFileType = wrapper.application; includeInIndex = 0; path = store.app; sourceTree = BUILT_PRODUCTS_DIR; };
		A39EC13026963BFC00029D52 /* AppDelegate.swift */ = {isa = PBXFileReference; lastKnownFileType = sourcecode.swift; path = AppDelegate.swift; sourceTree = "<group>"; };
		A39EC13226963BFC00029D52 /* SceneDelegate.swift */ = {isa = PBXFileReference; lastKnownFileType = sourcecode.swift; path = SceneDelegate.swift; sourceTree = "<group>"; };
		A39EC13426963BFC00029D52 /* ViewController.swift */ = {isa = PBXFileReference; lastKnownFileType = sourcecode.swift; path = ViewController.swift; sourceTree = "<group>"; };
		A39EC13726963BFC00029D52 /* Base */ = {isa = PBXFileReference; lastKnownFileType = file.storyboard; name = Base; path = Base.lproj/Main.storyboard; sourceTree = "<group>"; };
		A39EC13926963C0000029D52 /* Assets.xcassets */ = {isa = PBXFileReference; lastKnownFileType = folder.assetcatalog; path = Assets.xcassets; sourceTree = "<group>"; };
		A39EC13C26963C0000029D52 /* Base */ = {isa = PBXFileReference; lastKnownFileType = file.storyboard; name = Base; path = Base.lproj/LaunchScreen.storyboard; sourceTree = "<group>"; };
		A39EC13E26963C0000029D52 /* Info.plist */ = {isa = PBXFileReference; lastKnownFileType = text.plist.xml; path = Info.plist; sourceTree = "<group>"; };
		A39EC1452696433C00029D52 /* BaseTabBarVC.swift */ = {isa = PBXFileReference; lastKnownFileType = sourcecode.swift; path = BaseTabBarVC.swift; sourceTree = "<group>"; };
		A39EC1482696543700029D52 /* BuscaVc.swift */ = {isa = PBXFileReference; lastKnownFileType = sourcecode.swift; path = BuscaVc.swift; sourceTree = "<group>"; };
		A39EC14C2696598400029D52 /* BuscaCell.swift */ = {isa = PBXFileReference; lastKnownFileType = sourcecode.swift; path = BuscaCell.swift; sourceTree = "<group>"; };
		A39EC14F26965AB000029D52 /* UIView.swift */ = {isa = PBXFileReference; fileEncoding = 4; lastKnownFileType = sourcecode.swift; name = UIView.swift; path = ../../../../Downloads/UIView.swift; sourceTree = "<group>"; };
		A39EC15126965BAF00029D52 /* UimageView.swift */ = {isa = PBXFileReference; lastKnownFileType = sourcecode.swift; path = UimageView.swift; sourceTree = "<group>"; };
		A39EC15326965EB000029D52 /* UILabel.swift */ = {isa = PBXFileReference; lastKnownFileType = sourcecode.swift; path = UILabel.swift; sourceTree = "<group>"; };
		A39EC1552696636700029D52 /* UIButton.swift */ = {isa = PBXFileReference; lastKnownFileType = sourcecode.swift; path = UIButton.swift; sourceTree = "<group>"; };
		A39EC1572696645400029D52 /* UIColor.swift */ = {isa = PBXFileReference; lastKnownFileType = sourcecode.swift; path = UIColor.swift; sourceTree = "<group>"; };
		A39EC15A269679D000029D52 /* BuscaService.swift */ = {isa = PBXFileReference; lastKnownFileType = sourcecode.swift; path = BuscaService.swift; sourceTree = "<group>"; };
		A39EC15D2696821D00029D52 /* App.swift */ = {isa = PBXFileReference; lastKnownFileType = sourcecode.swift; path = App.swift; sourceTree = "<group>"; };
		A39EC1602697984E00029D52 /* AppsVC.swift */ = {isa = PBXFileReference; lastKnownFileType = sourcecode.swift; path = AppsVC.swift; sourceTree = "<group>"; };
		A39EC1622697A23400029D52 /* AppsHeader.swift */ = {isa = PBXFileReference; lastKnownFileType = sourcecode.swift; path = AppsHeader.swift; sourceTree = "<group>"; };
		E271C412043B71E926D11C8C /* Pods_store.framework */ = {isa = PBXFileReference; explicitFileType = wrapper.framework; includeInIndex = 0; path = Pods_store.framework; sourceTree = BUILT_PRODUCTS_DIR; };
/* End PBXFileReference section */

/* Begin PBXFrameworksBuildPhase section */
		A39EC12A26963BFC00029D52 /* Frameworks */ = {
			isa = PBXFrameworksBuildPhase;
			buildActionMask = 2147483647;
			files = (
				2664F385AE3A81A154054B10 /* Pods_store.framework in Frameworks */,
			);
			runOnlyForDeploymentPostprocessing = 0;
		};
/* End PBXFrameworksBuildPhase section */

/* Begin PBXGroup section */
		5DE7F646F514312C18C6D260 /* Frameworks */ = {
			isa = PBXGroup;
			children = (
				E271C412043B71E926D11C8C /* Pods_store.framework */,
			);
			name = Frameworks;
			sourceTree = "<group>";
		};
		A36D86292698B1D700CA1478 /* Apps */ = {
			isa = PBXGroup;
			children = (
				A36D862A2698B1F300CA1478 /* AppsHeaderCell.swift */,
				A36D86302698C73500CA1478 /* AppsGrupoCell.swift */,
			);
			path = Apps;
			sourceTree = "<group>";
		};
		A39D7D0C269CD5520054E1EE /* AppDetalhe  */ = {
			isa = PBXGroup;
			children = (
				A39D7D0D269CD58E0054E1EE /* AppDetalheVC.swift */,
			);
			path = "AppDetalhe ";
			sourceTree = "<group>";
		};
		A39D7D0F269DC67E0054E1EE /* AppDetalhe */ = {
			isa = PBXGroup;
			children = (
				A39D7D10269DC6BC0054E1EE /* AppDetalheHeaderCell.swift */,
				A39D7D12269DD2B70054E1EE /* AppDetalheDescricaoCell.swift */,
				A39D7D14269DFBE00054E1EE /* AppDetalheScreenshotCell.swift */,
			);
			path = AppDetalhe;
			sourceTree = "<group>";
		};
		A39EC12426963BFC00029D52 = {
			isa = PBXGroup;
			children = (
				A39EC12F26963BFC00029D52 /* store */,
				A39EC12E26963BFC00029D52 /* Products */,
				B0E88D374EFD1D25AA9CF125 /* Pods */,
				5DE7F646F514312C18C6D260 /* Frameworks */,
			);
			sourceTree = "<group>";
		};
		A39EC12E26963BFC00029D52 /* Products */ = {
			isa = PBXGroup;
			children = (
				A39EC12D26963BFC00029D52 /* store.app */,
			);
			name = Products;
			sourceTree = "<group>";
		};
		A39EC12F26963BFC00029D52 /* store */ = {
			isa = PBXGroup;
			children = (
				A39EC15C269681FE00029D52 /* Model */,
				A39EC159269679B000029D52 /* Service */,
				A39EC14E26965A8300029D52 /* Lib */,
				A39EC14A2696593200029D52 /* View */,
				A39EC1442696430900029D52 /* Controler */,
				A39EC13026963BFC00029D52 /* AppDelegate.swift */,
				A39EC13226963BFC00029D52 /* SceneDelegate.swift */,
				A39EC13426963BFC00029D52 /* ViewController.swift */,
				A39EC13626963BFC00029D52 /* Main.storyboard */,
				A39EC13926963C0000029D52 /* Assets.xcassets */,
				A39EC13B26963C0000029D52 /* LaunchScreen.storyboard */,
				A39EC13E26963C0000029D52 /* Info.plist */,
			);
			path = store;
			sourceTree = "<group>";
		};
		A39EC1442696430900029D52 /* Controler */ = {
			isa = PBXGroup;
			children = (
				A39D7D0C269CD5520054E1EE /* AppDetalhe  */,
				A39EC15F2697969400029D52 /* Apps */,
				A39EC1472696541A00029D52 /* Busca */,
				A39EC1452696433C00029D52 /* BaseTabBarVC.swift */,
			);
			path = Controler;
			sourceTree = "<group>";
		};
		A39EC1472696541A00029D52 /* Busca */ = {
			isa = PBXGroup;
			children = (
				A39EC1482696543700029D52 /* BuscaVc.swift */,
			);
			path = Busca;
			sourceTree = "<group>";
		};
		A39EC14A2696593200029D52 /* View */ = {
			isa = PBXGroup;
			children = (
				A39D7D0F269DC67E0054E1EE /* AppDetalhe */,
				A36D86292698B1D700CA1478 /* Apps */,
				A39EC14B2696595F00029D52 /* Busca */,
			);
			path = View;
			sourceTree = "<group>";
		};
		A39EC14B2696595F00029D52 /* Busca */ = {
			isa = PBXGroup;
			children = (
				A39EC14C2696598400029D52 /* BuscaCell.swift */,
			);
			path = Busca;
			sourceTree = "<group>";
		};
		A39EC14E26965A8300029D52 /* Lib */ = {
			isa = PBXGroup;
			children = (
				A36D862E2698C51800CA1478 /* SnappingLayout.swift */,
				A39EC14F26965AB000029D52 /* UIView.swift */,
				A39EC15126965BAF00029D52 /* UimageView.swift */,
				A39EC15326965EB000029D52 /* UILabel.swift */,
				A39EC1552696636700029D52 /* UIButton.swift */,
				A39EC1572696645400029D52 /* UIColor.swift */,
			);
			path = Lib;
			sourceTree = "<group>";
		};
		A39EC159269679B000029D52 /* Service */ = {
			isa = PBXGroup;
			children = (
				A39EC15A269679D000029D52 /* BuscaService.swift */,
				A36D862C2698B71B00CA1478 /* AppService.swift */,
			);
			path = Service;
			sourceTree = "<group>";
		};
		A39EC15C269681FE00029D52 /* Model */ = {
			isa = PBXGroup;
			children = (
				A39EC15D2696821D00029D52 /* App.swift */,
			);
			path = Model;
			sourceTree = "<group>";
		};
		A39EC15F2697969400029D52 /* Apps */ = {
			isa = PBXGroup;
			children = (
				A39EC1602697984E00029D52 /* AppsVC.swift */,
				A39EC1622697A23400029D52 /* AppsHeader.swift */,
				A36D86322698CA8100CA1478 /* AppsGrupoHorizontalVC.swift */,
				A36D86342698E4AA00CA1478 /* AppsGrupoHorizontalCell.swift */,
			);
			path = Apps;
			sourceTree = "<group>";
		};
		B0E88D374EFD1D25AA9CF125 /* Pods */ = {
			isa = PBXGroup;
			children = (
				710E0FB94B544989CE152FCC /* Pods-store.debug.xcconfig */,
				3413D72C602D427A6E85975C /* Pods-store.release.xcconfig */,
			);
			path = Pods;
			sourceTree = "<group>";
		};
/* End PBXGroup section */

/* Begin PBXNativeTarget section */
		A39EC12C26963BFC00029D52 /* store */ = {
			isa = PBXNativeTarget;
			buildConfigurationList = A39EC14126963C0000029D52 /* Build configuration list for PBXNativeTarget "store" */;
			buildPhases = (
				A57A2FCB2098DC3A0DE4B802 /* [CP] Check Pods Manifest.lock */,
				A39EC12926963BFC00029D52 /* Sources */,
				A39EC12A26963BFC00029D52 /* Frameworks */,
				A39EC12B26963BFC00029D52 /* Resources */,
				EE649C861C9CD42B795A3B4A /* [CP] Embed Pods Frameworks */,
			);
			buildRules = (
			);
			dependencies = (
			);
			name = store;
			productName = store;
			productReference = A39EC12D26963BFC00029D52 /* store.app */;
			productType = "com.apple.product-type.application";
		};
/* End PBXNativeTarget section */

/* Begin PBXProject section */
		A39EC12526963BFC00029D52 /* Project object */ = {
			isa = PBXProject;
			attributes = {
				LastSwiftUpdateCheck = 1250;
				LastUpgradeCheck = 1250;
				TargetAttributes = {
					A39EC12C26963BFC00029D52 = {
						CreatedOnToolsVersion = 12.5;
					};
				};
			};
			buildConfigurationList = A39EC12826963BFC00029D52 /* Build configuration list for PBXProject "store" */;
			compatibilityVersion = "Xcode 9.3";
			developmentRegion = en;
			hasScannedForEncodings = 0;
			knownRegions = (
				en,
				Base,
			);
			mainGroup = A39EC12426963BFC00029D52;
			productRefGroup = A39EC12E26963BFC00029D52 /* Products */;
			projectDirPath = "";
			projectRoot = "";
			targets = (
				A39EC12C26963BFC00029D52 /* store */,
			);
		};
/* End PBXProject section */

/* Begin PBXResourcesBuildPhase section */
		A39EC12B26963BFC00029D52 /* Resources */ = {
			isa = PBXResourcesBuildPhase;
			buildActionMask = 2147483647;
			files = (
				A39EC13D26963C0000029D52 /* LaunchScreen.storyboard in Resources */,
				A39EC13A26963C0000029D52 /* Assets.xcassets in Resources */,
				A39EC13826963BFC00029D52 /* Main.storyboard in Resources */,
			);
			runOnlyForDeploymentPostprocessing = 0;
		};
/* End PBXResourcesBuildPhase section */

/* Begin PBXShellScriptBuildPhase section */
		A57A2FCB2098DC3A0DE4B802 /* [CP] Check Pods Manifest.lock */ = {
			isa = PBXShellScriptBuildPhase;
			buildActionMask = 2147483647;
			files = (
			);
			inputFileListPaths = (
			);
			inputPaths = (
				"${PODS_PODFILE_DIR_PATH}/Podfile.lock",
				"${PODS_ROOT}/Manifest.lock",
			);
			name = "[CP] Check Pods Manifest.lock";
			outputFileListPaths = (
			);
			outputPaths = (
				"$(DERIVED_FILE_DIR)/Pods-store-checkManifestLockResult.txt",
			);
			runOnlyForDeploymentPostprocessing = 0;
			shellPath = /bin/sh;
			shellScript = "diff \"${PODS_PODFILE_DIR_PATH}/Podfile.lock\" \"${PODS_ROOT}/Manifest.lock\" > /dev/null\nif [ $? != 0 ] ; then\n    # print error to STDERR\n    echo \"error: The sandbox is not in sync with the Podfile.lock. Run 'pod install' or update your CocoaPods installation.\" >&2\n    exit 1\nfi\n# This output is used by Xcode 'outputs' to avoid re-running this script phase.\necho \"SUCCESS\" > \"${SCRIPT_OUTPUT_FILE_0}\"\n";
			showEnvVarsInLog = 0;
		};
		EE649C861C9CD42B795A3B4A /* [CP] Embed Pods Frameworks */ = {
			isa = PBXShellScriptBuildPhase;
			buildActionMask = 2147483647;
			files = (
			);
			inputFileListPaths = (
				"${PODS_ROOT}/Target Support Files/Pods-store/Pods-store-frameworks-${CONFIGURATION}-input-files.xcfilelist",
			);
			name = "[CP] Embed Pods Frameworks";
			outputFileListPaths = (
				"${PODS_ROOT}/Target Support Files/Pods-store/Pods-store-frameworks-${CONFIGURATION}-output-files.xcfilelist",
			);
			runOnlyForDeploymentPostprocessing = 0;
			shellPath = /bin/sh;
			shellScript = "\"${PODS_ROOT}/Target Support Files/Pods-store/Pods-store-frameworks.sh\"\n";
			showEnvVarsInLog = 0;
		};
/* End PBXShellScriptBuildPhase section */

/* Begin PBXSourcesBuildPhase section */
		A39EC12926963BFC00029D52 /* Sources */ = {
			isa = PBXSourcesBuildPhase;
			buildActionMask = 2147483647;
			files = (
				A39EC15E2696821D00029D52 /* App.swift in Sources */,
				A36D86352698E4AA00CA1478 /* AppsGrupoHorizontalCell.swift in Sources */,
				A39EC14D2696598400029D52 /* BuscaCell.swift in Sources */,
				A39EC13526963BFC00029D52 /* ViewController.swift in Sources */,
				A39EC1492696543700029D52 /* BuscaVc.swift in Sources */,
				A39EC1612697984E00029D52 /* AppsVC.swift in Sources */,
				A39D7D11269DC6BC0054E1EE /* AppDetalheHeaderCell.swift in Sources */,
				A39EC15026965AB000029D52 /* UIView.swift in Sources */,
				A39EC15426965EB000029D52 /* UILabel.swift in Sources */,
				A39EC1562696636700029D52 /* UIButton.swift in Sources */,
				A39EC1462696433C00029D52 /* BaseTabBarVC.swift in Sources */,
				A39EC1582696645400029D52 /* UIColor.swift in Sources */,
				A39EC15B269679D000029D52 /* BuscaService.swift in Sources */,
				A39D7D13269DD2B70054E1EE /* AppDetalheDescricaoCell.swift in Sources */,
				A39EC13126963BFC00029D52 /* AppDelegate.swift in Sources */,
				A36D862B2698B1F300CA1478 /* AppsHeaderCell.swift in Sources */,
				A36D86312698C73500CA1478 /* AppsGrupoCell.swift in Sources */,
				A36D862F2698C51800CA1478 /* SnappingLayout.swift in Sources */,
				A39EC1632697A23400029D52 /* AppsHeader.swift in Sources */,
				A39EC15226965BAF00029D52 /* UimageView.swift in Sources */,
				A39D7D0E269CD58E0054E1EE /* AppDetalheVC.swift in Sources */,
				A39EC13326963BFC00029D52 /* SceneDelegate.swift in Sources */,
				A36D86332698CA8100CA1478 /* AppsGrupoHorizontalVC.swift in Sources */,
				A36D862D2698B71B00CA1478 /* AppService.swift in Sources */,
				A39D7D15269DFBE00054E1EE /* AppDetalheScreenshotCell.swift in Sources */,
			);
			runOnlyForDeploymentPostprocessing = 0;
		};
/* End PBXSourcesBuildPhase section */

/* Begin PBXVariantGroup section */
		A39EC13626963BFC00029D52 /* Main.storyboard */ = {
			isa = PBXVariantGroup;
			children = (
				A39EC13726963BFC00029D52 /* Base */,
			);
			name = Main.storyboard;
			sourceTree = "<group>";
		};
		A39EC13B26963C0000029D52 /* LaunchScreen.storyboard */ = {
			isa = PBXVariantGroup;
			children = (
				A39EC13C26963C0000029D52 /* Base */,
			);
			name = LaunchScreen.storyboard;
			sourceTree = "<group>";
		};
/* End PBXVariantGroup section */

/* Begin XCBuildConfiguration section */
		A39EC13F26963C0000029D52 /* Debug */ = {
			isa = XCBuildConfiguration;
			buildSettings = {
				ALWAYS_SEARCH_USER_PATHS = NO;
				CLANG_ANALYZER_NONNULL = YES;
				CLANG_ANALYZER_NUMBER_OBJECT_CONVERSION = YES_AGGRESSIVE;
				CLANG_CXX_LANGUAGE_STANDARD = "gnu++14";
				CLANG_CXX_LIBRARY = "libc++";
				CLANG_ENABLE_MODULES = YES;
				CLANG_ENABLE_OBJC_ARC = YES;
				CLANG_ENABLE_OBJC_WEAK = YES;
				CLANG_WARN_BLOCK_CAPTURE_AUTORELEASING = YES;
				CLANG_WARN_BOOL_CONVERSION = YES;
				CLANG_WARN_COMMA = YES;
				CLANG_WARN_CONSTANT_CONVERSION = YES;
				CLANG_WARN_DEPRECATED_OBJC_IMPLEMENTATIONS = YES;
				CLANG_WARN_DIRECT_OBJC_ISA_USAGE = YES_ERROR;
				CLANG_WARN_DOCUMENTATION_COMMENTS = YES;
				CLANG_WARN_EMPTY_BODY = YES;
				CLANG_WARN_ENUM_CONVERSION = YES;
				CLANG_WARN_INFINITE_RECURSION = YES;
				CLANG_WARN_INT_CONVERSION = YES;
				CLANG_WARN_NON_LITERAL_NULL_CONVERSION = YES;
				CLANG_WARN_OBJC_IMPLICIT_RETAIN_SELF = YES;
				CLANG_WARN_OBJC_LITERAL_CONVERSION = YES;
				CLANG_WARN_OBJC_ROOT_CLASS = YES_ERROR;
				CLANG_WARN_QUOTED_INCLUDE_IN_FRAMEWORK_HEADER = YES;
				CLANG_WARN_RANGE_LOOP_ANALYSIS = YES;
				CLANG_WARN_STRICT_PROTOTYPES = YES;
				CLANG_WARN_SUSPICIOUS_MOVE = YES;
				CLANG_WARN_UNGUARDED_AVAILABILITY = YES_AGGRESSIVE;
				CLANG_WARN_UNREACHABLE_CODE = YES;
				CLANG_WARN__DUPLICATE_METHOD_MATCH = YES;
				COPY_PHASE_STRIP = NO;
				DEBUG_INFORMATION_FORMAT = dwarf;
				ENABLE_STRICT_OBJC_MSGSEND = YES;
				ENABLE_TESTABILITY = YES;
				GCC_C_LANGUAGE_STANDARD = gnu11;
				GCC_DYNAMIC_NO_PIC = NO;
				GCC_NO_COMMON_BLOCKS = YES;
				GCC_OPTIMIZATION_LEVEL = 0;
				GCC_PREPROCESSOR_DEFINITIONS = (
					"DEBUG=1",
					"$(inherited)",
				);
				GCC_WARN_64_TO_32_BIT_CONVERSION = YES;
				GCC_WARN_ABOUT_RETURN_TYPE = YES_ERROR;
				GCC_WARN_UNDECLARED_SELECTOR = YES;
				GCC_WARN_UNINITIALIZED_AUTOS = YES_AGGRESSIVE;
				GCC_WARN_UNUSED_FUNCTION = YES;
				GCC_WARN_UNUSED_VARIABLE = YES;
				IPHONEOS_DEPLOYMENT_TARGET = 14.5;
				MTL_ENABLE_DEBUG_INFO = INCLUDE_SOURCE;
				MTL_FAST_MATH = YES;
				ONLY_ACTIVE_ARCH = YES;
				SDKROOT = iphoneos;
				SWIFT_ACTIVE_COMPILATION_CONDITIONS = DEBUG;
				SWIFT_OPTIMIZATION_LEVEL = "-Onone";
			};
			name = Debug;
		};
		A39EC14026963C0000029D52 /* Release */ = {
			isa = XCBuildConfiguration;
			buildSettings = {
				ALWAYS_SEARCH_USER_PATHS = NO;
				CLANG_ANALYZER_NONNULL = YES;
				CLANG_ANALYZER_NUMBER_OBJECT_CONVERSION = YES_AGGRESSIVE;
				CLANG_CXX_LANGUAGE_STANDARD = "gnu++14";
				CLANG_CXX_LIBRARY = "libc++";
				CLANG_ENABLE_MODULES = YES;
				CLANG_ENABLE_OBJC_ARC = YES;
				CLANG_ENABLE_OBJC_WEAK = YES;
				CLANG_WARN_BLOCK_CAPTURE_AUTORELEASING = YES;
				CLANG_WARN_BOOL_CONVERSION = YES;
				CLANG_WARN_COMMA = YES;
				CLANG_WARN_CONSTANT_CONVERSION = YES;
				CLANG_WARN_DEPRECATED_OBJC_IMPLEMENTATIONS = YES;
				CLANG_WARN_DIRECT_OBJC_ISA_USAGE = YES_ERROR;
				CLANG_WARN_DOCUMENTATION_COMMENTS = YES;
				CLANG_WARN_EMPTY_BODY = YES;
				CLANG_WARN_ENUM_CONVERSION = YES;
				CLANG_WARN_INFINITE_RECURSION = YES;
				CLANG_WARN_INT_CONVERSION = YES;
				CLANG_WARN_NON_LITERAL_NULL_CONVERSION = YES;
				CLANG_WARN_OBJC_IMPLICIT_RETAIN_SELF = YES;
				CLANG_WARN_OBJC_LITERAL_CONVERSION = YES;
				CLANG_WARN_OBJC_ROOT_CLASS = YES_ERROR;
				CLANG_WARN_QUOTED_INCLUDE_IN_FRAMEWORK_HEADER = YES;
				CLANG_WARN_RANGE_LOOP_ANALYSIS = YES;
				CLANG_WARN_STRICT_PROTOTYPES = YES;
				CLANG_WARN_SUSPICIOUS_MOVE = YES;
				CLANG_WARN_UNGUARDED_AVAILABILITY = YES_AGGRESSIVE;
				CLANG_WARN_UNREACHABLE_CODE = YES;
				CLANG_WARN__DUPLICATE_METHOD_MATCH = YES;
				COPY_PHASE_STRIP = NO;
				DEBUG_INFORMATION_FORMAT = "dwarf-with-dsym";
				ENABLE_NS_ASSERTIONS = NO;
				ENABLE_STRICT_OBJC_MSGSEND = YES;
				GCC_C_LANGUAGE_STANDARD = gnu11;
				GCC_NO_COMMON_BLOCKS = YES;
				GCC_WARN_64_TO_32_BIT_CONVERSION = YES;
				GCC_WARN_ABOUT_RETURN_TYPE = YES_ERROR;
				GCC_WARN_UNDECLARED_SELECTOR = YES;
				GCC_WARN_UNINITIALIZED_AUTOS = YES_AGGRESSIVE;
				GCC_WARN_UNUSED_FUNCTION = YES;
				GCC_WARN_UNUSED_VARIABLE = YES;
				IPHONEOS_DEPLOYMENT_TARGET = 14.5;
				MTL_ENABLE_DEBUG_INFO = NO;
				MTL_FAST_MATH = YES;
				SDKROOT = iphoneos;
				SWIFT_COMPILATION_MODE = wholemodule;
				SWIFT_OPTIMIZATION_LEVEL = "-O";
				VALIDATE_PRODUCT = YES;
			};
			name = Release;
		};
		A39EC14226963C0000029D52 /* Debug */ = {
			isa = XCBuildConfiguration;
			baseConfigurationReference = 710E0FB94B544989CE152FCC /* Pods-store.debug.xcconfig */;
			buildSettings = {
				ASSETCATALOG_COMPILER_APPICON_NAME = AppIcon;
				ASSETCATALOG_COMPILER_GLOBAL_ACCENT_COLOR_NAME = AccentColor;
				CODE_SIGN_STYLE = Automatic;
				DEVELOPMENT_TEAM = 4TKG39HFMK;
				INFOPLIST_FILE = store/Info.plist;
				LD_RUNPATH_SEARCH_PATHS = (
					"$(inherited)",
					"@executable_path/Frameworks",
				);
				PRODUCT_BUNDLE_IDENTIFIER = com.mrn.neia.store;
				PRODUCT_NAME = "$(TARGET_NAME)";
				SWIFT_VERSION = 5.0;
				TARGETED_DEVICE_FAMILY = "1,2";
			};
			name = Debug;
		};
		A39EC14326963C0000029D52 /* Release */ = {
			isa = XCBuildConfiguration;
			baseConfigurationReference = 3413D72C602D427A6E85975C /* Pods-store.release.xcconfig */;
			buildSettings = {
				ASSETCATALOG_COMPILER_APPICON_NAME = AppIcon;
				ASSETCATALOG_COMPILER_GLOBAL_ACCENT_COLOR_NAME = AccentColor;
				CODE_SIGN_STYLE = Automatic;
				DEVELOPMENT_TEAM = 4TKG39HFMK;
				INFOPLIST_FILE = store/Info.plist;
				LD_RUNPATH_SEARCH_PATHS = (
					"$(inherited)",
					"@executable_path/Frameworks",
				);
				PRODUCT_BUNDLE_IDENTIFIER = com.mrn.neia.store;
				PRODUCT_NAME = "$(TARGET_NAME)";
				SWIFT_VERSION = 5.0;
				TARGETED_DEVICE_FAMILY = "1,2";
			};
			name = Release;
		};
/* End XCBuildConfiguration section */

/* Begin XCConfigurationList section */
		A39EC12826963BFC00029D52 /* Build configuration list for PBXProject "store" */ = {
			isa = XCConfigurationList;
			buildConfigurations = (
				A39EC13F26963C0000029D52 /* Debug */,
				A39EC14026963C0000029D52 /* Release */,
			);
			defaultConfigurationIsVisible = 0;
			defaultConfigurationName = Release;
		};
		A39EC14126963C0000029D52 /* Build configuration list for PBXNativeTarget "store" */ = {
			isa = XCConfigurationList;
			buildConfigurations = (
				A39EC14226963C0000029D52 /* Debug */,
				A39EC14326963C0000029D52 /* Release */,
			);
			defaultConfigurationIsVisible = 0;
			defaultConfigurationName = Release;
		};
/* End XCConfigurationList section */
	};
	rootObject = A39EC12526963BFC00029D52 /* Project object */;
}
